
Microsoft Visual Studio Solution File, Format Version 12.00
# Visual Studio Version 17
VisualStudioVersion = 17.12.35527.113 d17.12
MinimumVisualStudioVersion = 10.0.40219.1
Project("{FAE04EC0-301F-11D3-BF4B-00C04F79EFBC}") = "Ass03", "Ass03\Ass03.csproj", "{0806095C-9487-4FE7-B4E4-A2CC5E7F825F}"
EndProject
Global
	GlobalSection(SolutionConfigurationPlatforms) = preSolution
		Debug|Any CPU = Debug|Any CPU
		Release|Any CPU = Release|Any CPU
	EndGlobalSection
	GlobalSection(ProjectConfigurationPlatforms) = postSolution
		{0806095C-9487-4FE7-B4E4-A2CC5E7F825F}.Debug|Any CPU.ActiveCfg = Debug|Any CPU
		{0806095C-9487-4FE7-B4E4-A2CC5E7F825F}.Debug|Any CPU.Build.0 = Debug|Any CPU
		{0806095C-9487-4FE7-B4E4-A2CC5E7F825F}.Release|Any CPU.ActiveCfg = Release|Any CPU
		{0806095C-9487-4FE7-B4E4-A2CC5E7F825F}.Release|Any CPU.Build.0 = Release|Any CPU
	EndGlobalSection
	GlobalSection(SolutionProperties) = preSolution
		HideSolutionNode = FALSE
	EndGlobalSection
EndGlobal
